
Microsoft Visual Studio Solution File, Format Version 12.00
# Visual Studio Version 17
VisualStudioVersion = 17.5.33516.290
MinimumVisualStudioVersion = 10.0.40219.1
Project("{FAE04EC0-301F-11D3-BF4B-00C04F79EFBC}") = "VeterinariaASPWebApi", "VeterinariaASPWebApi\VeterinariaASPWebApi.csproj", "{7745922E-E1D8-41CF-9789-9085C973FE2A}"
EndProject
Global
	GlobalSection(SolutionConfigurationPlatforms) = preSolution
		Debug|Any CPU = Debug|Any CPU
		Release|Any CPU = Release|Any CPU
	EndGlobalSection
	GlobalSection(ProjectConfigurationPlatforms) = postSolution
		{7745922E-E1D8-41CF-9789-9085C973FE2A}.Debug|Any CPU.ActiveCfg = Debug|Any CPU
		{7745922E-E1D8-41CF-9789-9085C973FE2A}.Debug|Any CPU.Build.0 = Debug|Any CPU
		{7745922E-E1D8-41CF-9789-9085C973FE2A}.Release|Any CPU.ActiveCfg = Release|Any CPU
		{7745922E-E1D8-41CF-9789-9085C973FE2A}.Release|Any CPU.Build.0 = Release|Any CPU
	EndGlobalSection
	GlobalSection(SolutionProperties) = preSolution
		HideSolutionNode = FALSE
	EndGlobalSection
	GlobalSection(ExtensibilityGlobals) = postSolution
		SolutionGuid = {DBDF4F56-B33A-46C9-BEB3-81C9BBCC35AD}
	EndGlobalSection
EndGlobal
